
Microsoft Visual Studio Solution File, Format Version 12.00
# Visual Studio Version 16
VisualStudioVersion = 16.0.30114.105
MinimumVisualStudioVersion = 10.0.40219.1
Project("{9A19103F-16F7-4668-BE54-9A1E7A4F7556}") = "TG_Sample", "TG_Sample\TG_Sample.csproj", "{56744397-3DCC-47F8-B6A1-48A603F13365}"
EndProject
Project("{FAE04EC0-301F-11D3-BF4B-00C04F79EFBC}") = "TD_Sample", "TD_Sample\TD_Sample.csproj", "{52FAAD13-522C-49B5-929E-05BD4BE0A211}"
EndProject
Global
	GlobalSection(SolutionConfigurationPlatforms) = preSolution
		Debug|Any CPU = Debug|Any CPU
		Release|Any CPU = Release|Any CPU
	EndGlobalSection
	GlobalSection(ProjectConfigurationPlatforms) = postSolution
		{56744397-3DCC-47F8-B6A1-48A603F13365}.Debug|Any CPU.ActiveCfg = Debug|Any CPU
		{56744397-3DCC-47F8-B6A1-48A603F13365}.Debug|Any CPU.Build.0 = Debug|Any CPU
		{56744397-3DCC-47F8-B6A1-48A603F13365}.Release|Any CPU.ActiveCfg = Release|Any CPU
		{56744397-3DCC-47F8-B6A1-48A603F13365}.Release|Any CPU.Build.0 = Release|Any CPU
		{52FAAD13-522C-49B5-929E-05BD4BE0A211}.Debug|Any CPU.ActiveCfg = Debug|Any CPU
		{52FAAD13-522C-49B5-929E-05BD4BE0A211}.Debug|Any CPU.Build.0 = Debug|Any CPU
		{52FAAD13-522C-49B5-929E-05BD4BE0A211}.Release|Any CPU.ActiveCfg = Release|Any CPU
		{52FAAD13-522C-49B5-929E-05BD4BE0A211}.Release|Any CPU.Build.0 = Release|Any CPU
	EndGlobalSection
	GlobalSection(SolutionProperties) = preSolution
		HideSolutionNode = FALSE
	EndGlobalSection
	GlobalSection(ExtensibilityGlobals) = postSolution
		SolutionGuid = {528F4A17-4E07-431C-822F-66A38E346C56}
	EndGlobalSection
EndGlobal
